
Microsoft Visual Studio Solution File, Format Version 12.00
# Visual Studio Version 16
VisualStudioVersion = 16.0.30011.22
MinimumVisualStudioVersion = 10.0.40219.1
Project("{8BC9CEB8-8B4A-11D0-8D11-00A0C91BC942}") = "Pointer", "Review\Review.vcxproj", "{92B92C47-FF41-4176-BFFC-BF79EA40D12E}"
EndProject
Project("{8BC9CEB8-8B4A-11D0-8D11-00A0C91BC942}") = "Recursion", "Recursion\Recursion.vcxproj", "{FC5EFF5C-6AAB-4FDD-AE40-31F35400283F}"
EndProject
Project("{8BC9CEB8-8B4A-11D0-8D11-00A0C91BC942}") = "LinkedList", "LinkedList\LinkedList.vcxproj", "{3D06CE39-D9A7-41ED-A0B6-90FD977DC937}"
EndProject
Global
	GlobalSection(SolutionConfigurationPlatforms) = preSolution
		Debug|x64 = Debug|x64
		Debug|x86 = Debug|x86
		Release|x64 = Release|x64
		Release|x86 = Release|x86
	EndGlobalSection
	GlobalSection(ProjectConfigurationPlatforms) = postSolution
		{92B92C47-FF41-4176-BFFC-BF79EA40D12E}.Debug|x64.ActiveCfg = Debug|x64
		{92B92C47-FF41-4176-BFFC-BF79EA40D12E}.Debug|x64.Build.0 = Debug|x64
		{92B92C47-FF41-4176-BFFC-BF79EA40D12E}.Debug|x86.ActiveCfg = Debug|Win32
		{92B92C47-FF41-4176-BFFC-BF79EA40D12E}.Debug|x86.Build.0 = Debug|Win32
		{92B92C47-FF41-4176-BFFC-BF79EA40D12E}.Release|x64.ActiveCfg = Release|x64
		{92B92C47-FF41-4176-BFFC-BF79EA40D12E}.Release|x64.Build.0 = Release|x64
		{92B92C47-FF41-4176-BFFC-BF79EA40D12E}.Release|x86.ActiveCfg = Release|Win32
		{92B92C47-FF41-4176-BFFC-BF79EA40D12E}.Release|x86.Build.0 = Release|Win32
		{FC5EFF5C-6AAB-4FDD-AE40-31F35400283F}.Debug|x64.ActiveCfg = Debug|x64
		{FC5EFF5C-6AAB-4FDD-AE40-31F35400283F}.Debug|x64.Build.0 = Debug|x64
		{FC5EFF5C-6AAB-4FDD-AE40-31F35400283F}.Debug|x86.ActiveCfg = Debug|Win32
		{FC5EFF5C-6AAB-4FDD-AE40-31F35400283F}.Debug|x86.Build.0 = Debug|Win32
		{FC5EFF5C-6AAB-4FDD-AE40-31F35400283F}.Release|x64.ActiveCfg = Release|x64
		{FC5EFF5C-6AAB-4FDD-AE40-31F35400283F}.Release|x64.Build.0 = Release|x64
		{FC5EFF5C-6AAB-4FDD-AE40-31F35400283F}.Release|x86.ActiveCfg = Release|Win32
		{FC5EFF5C-6AAB-4FDD-AE40-31F35400283F}.Release|x86.Build.0 = Release|Win32
		{3D06CE39-D9A7-41ED-A0B6-90FD977DC937}.Debug|x64.ActiveCfg = Debug|x64
		{3D06CE39-D9A7-41ED-A0B6-90FD977DC937}.Debug|x64.Build.0 = Debug|x64
		{3D06CE39-D9A7-41ED-A0B6-90FD977DC937}.Debug|x86.ActiveCfg = Debug|Win32
		{3D06CE39-D9A7-41ED-A0B6-90FD977DC937}.Debug|x86.Build.0 = Debug|Win32
		{3D06CE39-D9A7-41ED-A0B6-90FD977DC937}.Release|x64.ActiveCfg = Release|x64
		{3D06CE39-D9A7-41ED-A0B6-90FD977DC937}.Release|x64.Build.0 = Release|x64
		{3D06CE39-D9A7-41ED-A0B6-90FD977DC937}.Release|x86.ActiveCfg = Release|Win32
		{3D06CE39-D9A7-41ED-A0B6-90FD977DC937}.Release|x86.Build.0 = Release|Win32
	EndGlobalSection
	GlobalSection(SolutionProperties) = preSolution
		HideSolutionNode = FALSE
	EndGlobalSection
	GlobalSection(ExtensibilityGlobals) = postSolution
		SolutionGuid = {801A858F-CBA1-44B2-912C-D523D58C4741}
	EndGlobalSection
EndGlobal
